
Microsoft Visual Studio Solution File, Format Version 12.00
# Visual Studio Version 16
VisualStudioVersion = 16.0.30413.136
MinimumVisualStudioVersion = 10.0.40219.1
Project("{FAE04EC0-301F-11D3-BF4B-00C04F79EFBC}") = "Manager4HospitalBackEnd", "Manager4HospitalBackEnd\Manager4HospitalBackEnd.csproj", "{7F56E3B5-1804-4E27-97D3-22AA540C0FBB}"
EndProject
Project("{FAE04EC0-301F-11D3-BF4B-00C04F79EFBC}") = "DAL", "DAL\DAL.csproj", "{0AC0E850-9556-459F-A79C-524A48AAE649}"
EndProject
Project("{00D1A9C2-B5F0-4AF3-8072-F6C62B433612}") = "Manager4HospitalDataBase", "Manager4HospitalDataBase\Manager4HospitalDataBase.sqlproj", "{1BE0BC44-6608-488A-B1FD-6B9944476831}"
EndProject
Global
	GlobalSection(SolutionConfigurationPlatforms) = preSolution
		Debug|Any CPU = Debug|Any CPU
		Release|Any CPU = Release|Any CPU
	EndGlobalSection
	GlobalSection(ProjectConfigurationPlatforms) = postSolution
		{7F56E3B5-1804-4E27-97D3-22AA540C0FBB}.Debug|Any CPU.ActiveCfg = Debug|Any CPU
		{7F56E3B5-1804-4E27-97D3-22AA540C0FBB}.Debug|Any CPU.Build.0 = Debug|Any CPU
		{7F56E3B5-1804-4E27-97D3-22AA540C0FBB}.Release|Any CPU.ActiveCfg = Release|Any CPU
		{7F56E3B5-1804-4E27-97D3-22AA540C0FBB}.Release|Any CPU.Build.0 = Release|Any CPU
		{0AC0E850-9556-459F-A79C-524A48AAE649}.Debug|Any CPU.ActiveCfg = Debug|Any CPU
		{0AC0E850-9556-459F-A79C-524A48AAE649}.Debug|Any CPU.Build.0 = Debug|Any CPU
		{0AC0E850-9556-459F-A79C-524A48AAE649}.Release|Any CPU.ActiveCfg = Release|Any CPU
		{0AC0E850-9556-459F-A79C-524A48AAE649}.Release|Any CPU.Build.0 = Release|Any CPU
		{1BE0BC44-6608-488A-B1FD-6B9944476831}.Debug|Any CPU.ActiveCfg = Debug|Any CPU
		{1BE0BC44-6608-488A-B1FD-6B9944476831}.Debug|Any CPU.Build.0 = Debug|Any CPU
		{1BE0BC44-6608-488A-B1FD-6B9944476831}.Debug|Any CPU.Deploy.0 = Debug|Any CPU
		{1BE0BC44-6608-488A-B1FD-6B9944476831}.Release|Any CPU.ActiveCfg = Release|Any CPU
		{1BE0BC44-6608-488A-B1FD-6B9944476831}.Release|Any CPU.Build.0 = Release|Any CPU
		{1BE0BC44-6608-488A-B1FD-6B9944476831}.Release|Any CPU.Deploy.0 = Release|Any CPU
	EndGlobalSection
	GlobalSection(SolutionProperties) = preSolution
		HideSolutionNode = FALSE
	EndGlobalSection
	GlobalSection(ExtensibilityGlobals) = postSolution
		SolutionGuid = {F32390D0-EB83-4FAF-A8F8-322C7BEFD071}
	EndGlobalSection
EndGlobal
